
Microsoft Visual Studio Solution File, Format Version 12.00
# Visual Studio 15
VisualStudioVersion = 15.0.28307.572
MinimumVisualStudioVersion = 10.0.40219.1
Project("{2150E333-8FDC-42A3-9474-1A3956D46DE8}") = "1 - Core", "1 - Core", "{98CA0639-7041-4D7D-BB6F-B94D140FAF47}"
EndProject
Project("{9A19103F-16F7-4668-BE54-9A1E7A4F7556}") = "Backend.Core", "Backend.Core\Backend.Core.csproj", "{DEC91B0C-F8D8-4349-B17C-E0CC4372947C}"
EndProject
Project("{2150E333-8FDC-42A3-9474-1A3956D46DE8}") = "2 - Infrastructure", "2 - Infrastructure", "{B4F21EB3-7106-4BFF-A1DE-F5DB16974E12}"
EndProject
Project("{9A19103F-16F7-4668-BE54-9A1E7A4F7556}") = "Backend.Infrastructure", "Backend.Infrastructure\Backend.Infrastructure.csproj", "{9104135B-7420-435E-BCB2-1FAE52A74FB9}"
EndProject
Project("{2150E333-8FDC-42A3-9474-1A3956D46DE8}") = "4 - Entry Points", "4 - Entry Points", "{2CE60E68-51B1-49E6-924C-BE23E46551F0}"
EndProject
Project("{2150E333-8FDC-42A3-9474-1A3956D46DE8}") = "5 - Tests", "5 - Tests", "{AFFED230-A64C-4BA3-8169-A76E8318F76A}"
EndProject
Project("{9A19103F-16F7-4668-BE54-9A1E7A4F7556}") = "Backend.UnitTests", "Backend.UnitTests\Backend.UnitTests.csproj", "{92B4C2F3-553E-4497-A7FB-2DFB3E59293F}"
EndProject
Project("{9A19103F-16F7-4668-BE54-9A1E7A4F7556}") = "Contract.WebAPI", "Contract.WebAPI\Contract.WebAPI.csproj", "{6A3A7350-6B35-45C4-A12D-D74B8C6D5EE5}"
EndProject
Project("{9A19103F-16F7-4668-BE54-9A1E7A4F7556}") = "ContractHolder.WebAPI", "ContractHolder.WebAPI\ContractHolder.WebAPI.csproj", "{7283BCD8-ACA7-41BE-895A-255F73D919D4}"
EndProject
Project("{9A19103F-16F7-4668-BE54-9A1E7A4F7556}") = "Reports.WebAPI", "ReportsWebAPI\Reports.WebAPI.csproj", "{DEF4EE02-57B3-4AB4-9021-B90EA351B16B}"
EndProject
Project("{9A19103F-16F7-4668-BE54-9A1E7A4F7556}") = "Beneficiaries.WebAPI", "Beneficiaries.WebAPI\Beneficiaries.WebAPI.csproj", "{445D8F99-33FC-4DA2-9B32-0CB6434263B1}"
EndProject
Project("{9A19103F-16F7-4668-BE54-9A1E7A4F7556}") = "Backend.IntegrationTests", "Backend.IntegrationTests\Backend.IntegrationTests.csproj", "{F7DB0EF9-5CF9-4D6A-AAFD-CFC0E0F7A93B}"
EndProject
Project("{2150E333-8FDC-42A3-9474-1A3956D46DE8}") = "3 - Services", "3 - Services", "{A9C52176-E82A-4C5D-9223-C44F7DE2199D}"
EndProject
Project("{9A19103F-16F7-4668-BE54-9A1E7A4F7556}") = "Backend.Services", "Backend.Services\Backend.Services.csproj", "{47B72CE9-5BFA-44B6-985B-8FBC53D52427}"
EndProject
Global
	GlobalSection(SolutionConfigurationPlatforms) = preSolution
		Debug|Any CPU = Debug|Any CPU
		Release|Any CPU = Release|Any CPU
	EndGlobalSection
	GlobalSection(ProjectConfigurationPlatforms) = postSolution
		{DEC91B0C-F8D8-4349-B17C-E0CC4372947C}.Debug|Any CPU.ActiveCfg = Debug|Any CPU
		{DEC91B0C-F8D8-4349-B17C-E0CC4372947C}.Debug|Any CPU.Build.0 = Debug|Any CPU
		{DEC91B0C-F8D8-4349-B17C-E0CC4372947C}.Release|Any CPU.ActiveCfg = Release|Any CPU
		{DEC91B0C-F8D8-4349-B17C-E0CC4372947C}.Release|Any CPU.Build.0 = Release|Any CPU
		{9104135B-7420-435E-BCB2-1FAE52A74FB9}.Debug|Any CPU.ActiveCfg = Debug|Any CPU
		{9104135B-7420-435E-BCB2-1FAE52A74FB9}.Debug|Any CPU.Build.0 = Debug|Any CPU
		{9104135B-7420-435E-BCB2-1FAE52A74FB9}.Release|Any CPU.ActiveCfg = Release|Any CPU
		{9104135B-7420-435E-BCB2-1FAE52A74FB9}.Release|Any CPU.Build.0 = Release|Any CPU
		{92B4C2F3-553E-4497-A7FB-2DFB3E59293F}.Debug|Any CPU.ActiveCfg = Debug|Any CPU
		{92B4C2F3-553E-4497-A7FB-2DFB3E59293F}.Debug|Any CPU.Build.0 = Debug|Any CPU
		{92B4C2F3-553E-4497-A7FB-2DFB3E59293F}.Release|Any CPU.ActiveCfg = Release|Any CPU
		{92B4C2F3-553E-4497-A7FB-2DFB3E59293F}.Release|Any CPU.Build.0 = Release|Any CPU
		{6A3A7350-6B35-45C4-A12D-D74B8C6D5EE5}.Debug|Any CPU.ActiveCfg = Debug|Any CPU
		{6A3A7350-6B35-45C4-A12D-D74B8C6D5EE5}.Debug|Any CPU.Build.0 = Debug|Any CPU
		{6A3A7350-6B35-45C4-A12D-D74B8C6D5EE5}.Release|Any CPU.ActiveCfg = Release|Any CPU
		{6A3A7350-6B35-45C4-A12D-D74B8C6D5EE5}.Release|Any CPU.Build.0 = Release|Any CPU
		{7283BCD8-ACA7-41BE-895A-255F73D919D4}.Debug|Any CPU.ActiveCfg = Debug|Any CPU
		{7283BCD8-ACA7-41BE-895A-255F73D919D4}.Debug|Any CPU.Build.0 = Debug|Any CPU
		{7283BCD8-ACA7-41BE-895A-255F73D919D4}.Release|Any CPU.ActiveCfg = Release|Any CPU
		{7283BCD8-ACA7-41BE-895A-255F73D919D4}.Release|Any CPU.Build.0 = Release|Any CPU
		{DEF4EE02-57B3-4AB4-9021-B90EA351B16B}.Debug|Any CPU.ActiveCfg = Debug|Any CPU
		{DEF4EE02-57B3-4AB4-9021-B90EA351B16B}.Debug|Any CPU.Build.0 = Debug|Any CPU
		{DEF4EE02-57B3-4AB4-9021-B90EA351B16B}.Release|Any CPU.ActiveCfg = Release|Any CPU
		{DEF4EE02-57B3-4AB4-9021-B90EA351B16B}.Release|Any CPU.Build.0 = Release|Any CPU
		{445D8F99-33FC-4DA2-9B32-0CB6434263B1}.Debug|Any CPU.ActiveCfg = Debug|Any CPU
		{445D8F99-33FC-4DA2-9B32-0CB6434263B1}.Debug|Any CPU.Build.0 = Debug|Any CPU
		{445D8F99-33FC-4DA2-9B32-0CB6434263B1}.Release|Any CPU.ActiveCfg = Release|Any CPU
		{445D8F99-33FC-4DA2-9B32-0CB6434263B1}.Release|Any CPU.Build.0 = Release|Any CPU
		{F7DB0EF9-5CF9-4D6A-AAFD-CFC0E0F7A93B}.Debug|Any CPU.ActiveCfg = Debug|Any CPU
		{F7DB0EF9-5CF9-4D6A-AAFD-CFC0E0F7A93B}.Debug|Any CPU.Build.0 = Debug|Any CPU
		{F7DB0EF9-5CF9-4D6A-AAFD-CFC0E0F7A93B}.Release|Any CPU.ActiveCfg = Release|Any CPU
		{F7DB0EF9-5CF9-4D6A-AAFD-CFC0E0F7A93B}.Release|Any CPU.Build.0 = Release|Any CPU
		{47B72CE9-5BFA-44B6-985B-8FBC53D52427}.Debug|Any CPU.ActiveCfg = Debug|Any CPU
		{47B72CE9-5BFA-44B6-985B-8FBC53D52427}.Debug|Any CPU.Build.0 = Debug|Any CPU
		{47B72CE9-5BFA-44B6-985B-8FBC53D52427}.Release|Any CPU.ActiveCfg = Release|Any CPU
		{47B72CE9-5BFA-44B6-985B-8FBC53D52427}.Release|Any CPU.Build.0 = Release|Any CPU
	EndGlobalSection
	GlobalSection(SolutionProperties) = preSolution
		HideSolutionNode = FALSE
	EndGlobalSection
	GlobalSection(NestedProjects) = preSolution
		{DEC91B0C-F8D8-4349-B17C-E0CC4372947C} = {98CA0639-7041-4D7D-BB6F-B94D140FAF47}
		{9104135B-7420-435E-BCB2-1FAE52A74FB9} = {B4F21EB3-7106-4BFF-A1DE-F5DB16974E12}
		{92B4C2F3-553E-4497-A7FB-2DFB3E59293F} = {AFFED230-A64C-4BA3-8169-A76E8318F76A}
		{6A3A7350-6B35-45C4-A12D-D74B8C6D5EE5} = {2CE60E68-51B1-49E6-924C-BE23E46551F0}
		{7283BCD8-ACA7-41BE-895A-255F73D919D4} = {2CE60E68-51B1-49E6-924C-BE23E46551F0}
		{DEF4EE02-57B3-4AB4-9021-B90EA351B16B} = {2CE60E68-51B1-49E6-924C-BE23E46551F0}
		{445D8F99-33FC-4DA2-9B32-0CB6434263B1} = {2CE60E68-51B1-49E6-924C-BE23E46551F0}
		{F7DB0EF9-5CF9-4D6A-AAFD-CFC0E0F7A93B} = {AFFED230-A64C-4BA3-8169-A76E8318F76A}
		{47B72CE9-5BFA-44B6-985B-8FBC53D52427} = {A9C52176-E82A-4C5D-9223-C44F7DE2199D}
	EndGlobalSection
	GlobalSection(ExtensibilityGlobals) = postSolution
		SolutionGuid = {9442E083-F96F-46A1-95AF-DB9FF6C24AA9}
	EndGlobalSection
EndGlobal
